
Microsoft Visual Studio Solution File, Format Version 12.00
# Visual Studio Version 17
VisualStudioVersion = 17.4.33403.182
MinimumVisualStudioVersion = 10.0.40219.1
Project("{FAE04EC0-301F-11D3-BF4B-00C04F79EFBC}") = "BulkyWeb", "BulkyWeb\BulkyWeb.csproj", "{1BB095C8-A3F1-44E8-A869-4942184B779D}"
EndProject
Global
	GlobalSection(SolutionConfigurationPlatforms) = preSolution
		Debug|Any CPU = Debug|Any CPU
		Release|Any CPU = Release|Any CPU
	EndGlobalSection
	GlobalSection(ProjectConfigurationPlatforms) = postSolution
		{1BB095C8-A3F1-44E8-A869-4942184B779D}.Debug|Any CPU.ActiveCfg = Debug|Any CPU
		{1BB095C8-A3F1-44E8-A869-4942184B779D}.Debug|Any CPU.Build.0 = Debug|Any CPU
		{1BB095C8-A3F1-44E8-A869-4942184B779D}.Release|Any CPU.ActiveCfg = Release|Any CPU
		{1BB095C8-A3F1-44E8-A869-4942184B779D}.Release|Any CPU.Build.0 = Release|Any CPU
	EndGlobalSection
	GlobalSection(SolutionProperties) = preSolution
		HideSolutionNode = FALSE
	EndGlobalSection
	GlobalSection(ExtensibilityGlobals) = postSolution
		SolutionGuid = {4E20165B-44DD-4096-A3BB-8DBC98D6DA45}
	EndGlobalSection
EndGlobal
